
Microsoft Visual Studio Solution File, Format Version 12.00
# Visual Studio 15
Project("{FAE04EC0-301F-11D3-BF4B-00C04F79EFBC}") = "FYP Game", "Assembly-CSharp.csproj", "{6FFEF546-4C39-FA01-47FF-73C093376240}"
EndProject
Project("{FAE04EC0-301F-11D3-BF4B-00C04F79EFBC}") = "FYP Game", "Assembly-CSharp-Editor.csproj", "{D9FA4E51-7536-A8DB-3FE1-2D97C3A45EF4}"
EndProject
Global
	GlobalSection(SolutionConfigurationPlatforms) = preSolution
		Debug|Any CPU = Debug|Any CPU
		Release|Any CPU = Release|Any CPU
	EndGlobalSection
	GlobalSection(ProjectConfigurationPlatforms) = postSolution
		{6FFEF546-4C39-FA01-47FF-73C093376240}.Debug|Any CPU.ActiveCfg = Debug|Any CPU
		{6FFEF546-4C39-FA01-47FF-73C093376240}.Debug|Any CPU.Build.0 = Debug|Any CPU
		{6FFEF546-4C39-FA01-47FF-73C093376240}.Release|Any CPU.ActiveCfg = Release|Any CPU
		{6FFEF546-4C39-FA01-47FF-73C093376240}.Release|Any CPU.Build.0 = Release|Any CPU
		{D9FA4E51-7536-A8DB-3FE1-2D97C3A45EF4}.Debug|Any CPU.ActiveCfg = Debug|Any CPU
		{D9FA4E51-7536-A8DB-3FE1-2D97C3A45EF4}.Debug|Any CPU.Build.0 = Debug|Any CPU
		{D9FA4E51-7536-A8DB-3FE1-2D97C3A45EF4}.Release|Any CPU.ActiveCfg = Release|Any CPU
		{D9FA4E51-7536-A8DB-3FE1-2D97C3A45EF4}.Release|Any CPU.Build.0 = Release|Any CPU
	EndGlobalSection
	GlobalSection(SolutionProperties) = preSolution
		HideSolutionNode = FALSE
	EndGlobalSection
EndGlobal
