
Microsoft Visual Studio Solution File, Format Version 12.00
# Visual Studio 15
Project("{FAE04EC0-301F-11D3-BF4B-00C04F79EFBC}") = "FYPGame", "Assembly-CSharp.csproj", "{CFEA204F-ED5B-E01E-0D5B-6E34D9E7FAB7}"
EndProject
Project("{FAE04EC0-301F-11D3-BF4B-00C04F79EFBC}") = "FYPGame", "Assembly-CSharp-Editor.csproj", "{2AE535ED-76CD-E847-D861-2A45EF8B8632}"
EndProject
Global
	GlobalSection(SolutionConfigurationPlatforms) = preSolution
		Debug|Any CPU = Debug|Any CPU
		Release|Any CPU = Release|Any CPU
	EndGlobalSection
	GlobalSection(ProjectConfigurationPlatforms) = postSolution
		{CFEA204F-ED5B-E01E-0D5B-6E34D9E7FAB7}.Debug|Any CPU.ActiveCfg = Debug|Any CPU
		{CFEA204F-ED5B-E01E-0D5B-6E34D9E7FAB7}.Debug|Any CPU.Build.0 = Debug|Any CPU
		{CFEA204F-ED5B-E01E-0D5B-6E34D9E7FAB7}.Release|Any CPU.ActiveCfg = Release|Any CPU
		{CFEA204F-ED5B-E01E-0D5B-6E34D9E7FAB7}.Release|Any CPU.Build.0 = Release|Any CPU
		{2AE535ED-76CD-E847-D861-2A45EF8B8632}.Debug|Any CPU.ActiveCfg = Debug|Any CPU
		{2AE535ED-76CD-E847-D861-2A45EF8B8632}.Debug|Any CPU.Build.0 = Debug|Any CPU
		{2AE535ED-76CD-E847-D861-2A45EF8B8632}.Release|Any CPU.ActiveCfg = Release|Any CPU
		{2AE535ED-76CD-E847-D861-2A45EF8B8632}.Release|Any CPU.Build.0 = Release|Any CPU
	EndGlobalSection
	GlobalSection(SolutionProperties) = preSolution
		HideSolutionNode = FALSE
	EndGlobalSection
EndGlobal
